
Microsoft Visual Studio Solution File, Format Version 12.00
# Visual Studio 15
VisualStudioVersion = 15.0.28307.136
MinimumVisualStudioVersion = 10.0.40219.1
Project("{FAE04EC0-301F-11D3-BF4B-00C04F79EFBC}") = "Карякин-1", "Карякин-1\Карякин-1.csproj", "{59B88D27-D176-48EF-9581-9D97576C803F}"
EndProject
Global
	GlobalSection(SolutionConfigurationPlatforms) = preSolution
		Debug|Any CPU = Debug|Any CPU
		Release|Any CPU = Release|Any CPU
	EndGlobalSection
	GlobalSection(ProjectConfigurationPlatforms) = postSolution
		{59B88D27-D176-48EF-9581-9D97576C803F}.Debug|Any CPU.ActiveCfg = Debug|Any CPU
		{59B88D27-D176-48EF-9581-9D97576C803F}.Debug|Any CPU.Build.0 = Debug|Any CPU
		{59B88D27-D176-48EF-9581-9D97576C803F}.Release|Any CPU.ActiveCfg = Release|Any CPU
		{59B88D27-D176-48EF-9581-9D97576C803F}.Release|Any CPU.Build.0 = Release|Any CPU
	EndGlobalSection
	GlobalSection(SolutionProperties) = preSolution
		HideSolutionNode = FALSE
	EndGlobalSection
	GlobalSection(ExtensibilityGlobals) = postSolution
		SolutionGuid = {94E61FE4-E23B-45BA-A343-DC3EB1D2E19A}
	EndGlobalSection
EndGlobal
