
Microsoft Visual Studio Solution File, Format Version 12.00
# Visual Studio 15
VisualStudioVersion = 15.0.28307.136
MinimumVisualStudioVersion = 10.0.40219.1
Project("{FAE04EC0-301F-11D3-BF4B-00C04F79EFBC}") = "Карякин-2", "Карякин-2\Карякин-2.csproj", "{C0BFE252-B5A5-4F7E-A2A8-BC5F11D9B5B6}"
EndProject
Global
	GlobalSection(SolutionConfigurationPlatforms) = preSolution
		Debug|Any CPU = Debug|Any CPU
		Release|Any CPU = Release|Any CPU
	EndGlobalSection
	GlobalSection(ProjectConfigurationPlatforms) = postSolution
		{C0BFE252-B5A5-4F7E-A2A8-BC5F11D9B5B6}.Debug|Any CPU.ActiveCfg = Debug|Any CPU
		{C0BFE252-B5A5-4F7E-A2A8-BC5F11D9B5B6}.Debug|Any CPU.Build.0 = Debug|Any CPU
		{C0BFE252-B5A5-4F7E-A2A8-BC5F11D9B5B6}.Release|Any CPU.ActiveCfg = Release|Any CPU
		{C0BFE252-B5A5-4F7E-A2A8-BC5F11D9B5B6}.Release|Any CPU.Build.0 = Release|Any CPU
	EndGlobalSection
	GlobalSection(SolutionProperties) = preSolution
		HideSolutionNode = FALSE
	EndGlobalSection
	GlobalSection(ExtensibilityGlobals) = postSolution
		SolutionGuid = {CB499B5C-E06E-49FA-ADD3-9B64505755B0}
	EndGlobalSection
EndGlobal
